
Microsoft Visual Studio Solution File, Format Version 12.00
# Visual Studio Version 17
VisualStudioVersion = 17.4.33205.214
MinimumVisualStudioVersion = 10.0.40219.1
Project("{FAE04EC0-301F-11D3-BF4B-00C04F79EFBC}") = "CHAT_WCF_GY1", "CHAT_WCF_GY1\CHAT_WCF_GY1.csproj", "{BA67788A-E4B0-48D7-8665-A7D2F582830F}"
EndProject
Project("{FAE04EC0-301F-11D3-BF4B-00C04F79EFBC}") = "ChatHost", "ChatHost\ChatHost.csproj", "{BFC34936-126C-4231-A98C-7A7EAA8ECDF2}"
EndProject
Project("{FAE04EC0-301F-11D3-BF4B-00C04F79EFBC}") = "ChatClient", "ChatClient\ChatClient.csproj", "{556937D3-D3BA-4793-87AA-6DD1B222395C}"
EndProject
Global
	GlobalSection(SolutionConfigurationPlatforms) = preSolution
		Debug|Any CPU = Debug|Any CPU
		Release|Any CPU = Release|Any CPU
	EndGlobalSection
	GlobalSection(ProjectConfigurationPlatforms) = postSolution
		{BA67788A-E4B0-48D7-8665-A7D2F582830F}.Debug|Any CPU.ActiveCfg = Debug|Any CPU
		{BA67788A-E4B0-48D7-8665-A7D2F582830F}.Debug|Any CPU.Build.0 = Debug|Any CPU
		{BA67788A-E4B0-48D7-8665-A7D2F582830F}.Release|Any CPU.ActiveCfg = Release|Any CPU
		{BA67788A-E4B0-48D7-8665-A7D2F582830F}.Release|Any CPU.Build.0 = Release|Any CPU
		{BFC34936-126C-4231-A98C-7A7EAA8ECDF2}.Debug|Any CPU.ActiveCfg = Debug|Any CPU
		{BFC34936-126C-4231-A98C-7A7EAA8ECDF2}.Debug|Any CPU.Build.0 = Debug|Any CPU
		{BFC34936-126C-4231-A98C-7A7EAA8ECDF2}.Release|Any CPU.ActiveCfg = Release|Any CPU
		{BFC34936-126C-4231-A98C-7A7EAA8ECDF2}.Release|Any CPU.Build.0 = Release|Any CPU
		{556937D3-D3BA-4793-87AA-6DD1B222395C}.Debug|Any CPU.ActiveCfg = Debug|Any CPU
		{556937D3-D3BA-4793-87AA-6DD1B222395C}.Debug|Any CPU.Build.0 = Debug|Any CPU
		{556937D3-D3BA-4793-87AA-6DD1B222395C}.Release|Any CPU.ActiveCfg = Release|Any CPU
		{556937D3-D3BA-4793-87AA-6DD1B222395C}.Release|Any CPU.Build.0 = Release|Any CPU
	EndGlobalSection
	GlobalSection(SolutionProperties) = preSolution
		HideSolutionNode = FALSE
	EndGlobalSection
	GlobalSection(ExtensibilityGlobals) = postSolution
		SolutionGuid = {2C9032B1-167D-4DD8-9323-B13F5691A2C9}
	EndGlobalSection
EndGlobal
